
Microsoft Visual Studio Solution File, Format Version 12.00
# Visual Studio Version 16
VisualStudioVersion = 16.0.29025.244
MinimumVisualStudioVersion = 10.0.40219.1
Project("{FAE04EC0-301F-11D3-BF4B-00C04F79EFBC}") = "7.Properties", "7.Properties\7.Properties.csproj", "{166D905B-A86B-4F90-8B61-4F1AF2BBC0C4}"
EndProject
Global
	GlobalSection(SolutionConfigurationPlatforms) = preSolution
		Debug|Any CPU = Debug|Any CPU
		Release|Any CPU = Release|Any CPU
	EndGlobalSection
	GlobalSection(ProjectConfigurationPlatforms) = postSolution
		{166D905B-A86B-4F90-8B61-4F1AF2BBC0C4}.Debug|Any CPU.ActiveCfg = Debug|Any CPU
		{166D905B-A86B-4F90-8B61-4F1AF2BBC0C4}.Debug|Any CPU.Build.0 = Debug|Any CPU
		{166D905B-A86B-4F90-8B61-4F1AF2BBC0C4}.Release|Any CPU.ActiveCfg = Release|Any CPU
		{166D905B-A86B-4F90-8B61-4F1AF2BBC0C4}.Release|Any CPU.Build.0 = Release|Any CPU
	EndGlobalSection
	GlobalSection(SolutionProperties) = preSolution
		HideSolutionNode = FALSE
	EndGlobalSection
	GlobalSection(ExtensibilityGlobals) = postSolution
		SolutionGuid = {940DBAD7-9D13-4078-A9DD-6DE67AEEDEDB}
	EndGlobalSection
EndGlobal
